
Microsoft Visual Studio Solution File, Format Version 12.00
# Visual Studio Version 17
VisualStudioVersion = 17.9.34728.123
MinimumVisualStudioVersion = 10.0.40219.1
Project("{FAE04EC0-301F-11D3-BF4B-00C04F79EFBC}") = "Gun15_Interface3", "Gun15_Interface3\Gun15_Interface3.csproj", "{7361EA36-6AB5-4001-84FF-573FEFAF0A3D}"
EndProject
Global
	GlobalSection(SolutionConfigurationPlatforms) = preSolution
		Debug|Any CPU = Debug|Any CPU
		Release|Any CPU = Release|Any CPU
	EndGlobalSection
	GlobalSection(ProjectConfigurationPlatforms) = postSolution
		{7361EA36-6AB5-4001-84FF-573FEFAF0A3D}.Debug|Any CPU.ActiveCfg = Debug|Any CPU
		{7361EA36-6AB5-4001-84FF-573FEFAF0A3D}.Debug|Any CPU.Build.0 = Debug|Any CPU
		{7361EA36-6AB5-4001-84FF-573FEFAF0A3D}.Release|Any CPU.ActiveCfg = Release|Any CPU
		{7361EA36-6AB5-4001-84FF-573FEFAF0A3D}.Release|Any CPU.Build.0 = Release|Any CPU
	EndGlobalSection
	GlobalSection(SolutionProperties) = preSolution
		HideSolutionNode = FALSE
	EndGlobalSection
	GlobalSection(ExtensibilityGlobals) = postSolution
		SolutionGuid = {CA489762-D4BD-4870-83B1-37717AA50337}
	EndGlobalSection
EndGlobal
