
Microsoft Visual Studio Solution File, Format Version 12.00
# Visual Studio Version 17
VisualStudioVersion = 17.9.34728.123
MinimumVisualStudioVersion = 10.0.40219.1
Project("{FAE04EC0-301F-11D3-BF4B-00C04F79EFBC}") = "Gun9_DateTimeTypes_Functions", "Gun9_DateTimeTypes_Functions\Gun9_DateTimeTypes_Functions.csproj", "{A3AC2598-F91A-40FE-A32B-FB3271044702}"
EndProject
Global
	GlobalSection(SolutionConfigurationPlatforms) = preSolution
		Debug|Any CPU = Debug|Any CPU
		Release|Any CPU = Release|Any CPU
	EndGlobalSection
	GlobalSection(ProjectConfigurationPlatforms) = postSolution
		{A3AC2598-F91A-40FE-A32B-FB3271044702}.Debug|Any CPU.ActiveCfg = Debug|Any CPU
		{A3AC2598-F91A-40FE-A32B-FB3271044702}.Debug|Any CPU.Build.0 = Debug|Any CPU
		{A3AC2598-F91A-40FE-A32B-FB3271044702}.Release|Any CPU.ActiveCfg = Release|Any CPU
		{A3AC2598-F91A-40FE-A32B-FB3271044702}.Release|Any CPU.Build.0 = Release|Any CPU
	EndGlobalSection
	GlobalSection(SolutionProperties) = preSolution
		HideSolutionNode = FALSE
	EndGlobalSection
	GlobalSection(ExtensibilityGlobals) = postSolution
		SolutionGuid = {45D2CBF0-09A7-41B2-8FCB-46ECA55B54A6}
	EndGlobalSection
EndGlobal
