
Microsoft Visual Studio Solution File, Format Version 12.00
# Visual Studio Version 17
VisualStudioVersion = 17.9.34728.123
MinimumVisualStudioVersion = 10.0.40219.1
Project("{FAE04EC0-301F-11D3-BF4B-00C04F79EFBC}") = "Gun11_OOP", "Gun11_OOP\Gun11_OOP.csproj", "{BA3A96FF-93D0-4E64-AB1C-78F14258B90D}"
EndProject
Global
	GlobalSection(SolutionConfigurationPlatforms) = preSolution
		Debug|Any CPU = Debug|Any CPU
		Release|Any CPU = Release|Any CPU
	EndGlobalSection
	GlobalSection(ProjectConfigurationPlatforms) = postSolution
		{BA3A96FF-93D0-4E64-AB1C-78F14258B90D}.Debug|Any CPU.ActiveCfg = Debug|Any CPU
		{BA3A96FF-93D0-4E64-AB1C-78F14258B90D}.Debug|Any CPU.Build.0 = Debug|Any CPU
		{BA3A96FF-93D0-4E64-AB1C-78F14258B90D}.Release|Any CPU.ActiveCfg = Release|Any CPU
		{BA3A96FF-93D0-4E64-AB1C-78F14258B90D}.Release|Any CPU.Build.0 = Release|Any CPU
	EndGlobalSection
	GlobalSection(SolutionProperties) = preSolution
		HideSolutionNode = FALSE
	EndGlobalSection
	GlobalSection(ExtensibilityGlobals) = postSolution
		SolutionGuid = {359DD9BA-179E-4A42-AFE6-B1D379DE38F9}
	EndGlobalSection
EndGlobal
