
Microsoft Visual Studio Solution File, Format Version 12.00
# Visual Studio Version 17
VisualStudioVersion = 17.11.35312.102
MinimumVisualStudioVersion = 10.0.40219.1
Project("{9A19103F-16F7-4668-BE54-9A1E7A4F7556}") = "Gun20BlazorOrnek1", "Gun20BlazorOrnek1\Gun20BlazorOrnek1.csproj", "{DCC298E0-4727-4817-BF14-C1F7AAF4B5CC}"
EndProject
Global
	GlobalSection(SolutionConfigurationPlatforms) = preSolution
		Debug|Any CPU = Debug|Any CPU
		Release|Any CPU = Release|Any CPU
	EndGlobalSection
	GlobalSection(ProjectConfigurationPlatforms) = postSolution
		{DCC298E0-4727-4817-BF14-C1F7AAF4B5CC}.Debug|Any CPU.ActiveCfg = Debug|Any CPU
		{DCC298E0-4727-4817-BF14-C1F7AAF4B5CC}.Debug|Any CPU.Build.0 = Debug|Any CPU
		{DCC298E0-4727-4817-BF14-C1F7AAF4B5CC}.Release|Any CPU.ActiveCfg = Release|Any CPU
		{DCC298E0-4727-4817-BF14-C1F7AAF4B5CC}.Release|Any CPU.Build.0 = Release|Any CPU
	EndGlobalSection
	GlobalSection(SolutionProperties) = preSolution
		HideSolutionNode = FALSE
	EndGlobalSection
	GlobalSection(ExtensibilityGlobals) = postSolution
		SolutionGuid = {E4A60E50-D642-43F7-B6CD-2821B9A646DA}
	EndGlobalSection
EndGlobal
