
Microsoft Visual Studio Solution File, Format Version 12.00
# Visual Studio Version 17
VisualStudioVersion = 17.9.34728.123
MinimumVisualStudioVersion = 10.0.40219.1
Project("{FAE04EC0-301F-11D3-BF4B-00C04F79EFBC}") = "Gun15_Interface", "Gun15_Interface\Gun15_Interface.csproj", "{48169F10-487A-4E75-8C8E-5D2973652C27}"
EndProject
Global
	GlobalSection(SolutionConfigurationPlatforms) = preSolution
		Debug|Any CPU = Debug|Any CPU
		Release|Any CPU = Release|Any CPU
	EndGlobalSection
	GlobalSection(ProjectConfigurationPlatforms) = postSolution
		{48169F10-487A-4E75-8C8E-5D2973652C27}.Debug|Any CPU.ActiveCfg = Debug|Any CPU
		{48169F10-487A-4E75-8C8E-5D2973652C27}.Debug|Any CPU.Build.0 = Debug|Any CPU
		{48169F10-487A-4E75-8C8E-5D2973652C27}.Release|Any CPU.ActiveCfg = Release|Any CPU
		{48169F10-487A-4E75-8C8E-5D2973652C27}.Release|Any CPU.Build.0 = Release|Any CPU
	EndGlobalSection
	GlobalSection(SolutionProperties) = preSolution
		HideSolutionNode = FALSE
	EndGlobalSection
	GlobalSection(ExtensibilityGlobals) = postSolution
		SolutionGuid = {014CD0F8-C2FB-4C3B-ABD7-4727D0A63831}
	EndGlobalSection
EndGlobal
