
Microsoft Visual Studio Solution File, Format Version 12.00
# Visual Studio Version 17
VisualStudioVersion = 17.9.34728.123
MinimumVisualStudioVersion = 10.0.40219.1
Project("{FAE04EC0-301F-11D3-BF4B-00C04F79EFBC}") = "Gun7_MutliDimensionalArrayExample", "Gun7_MutliDimensionalArrayExample\Gun7_MutliDimensionalArrayExample.csproj", "{0579985C-48F7-4E38-AA93-7D046066AA9D}"
EndProject
Global
	GlobalSection(SolutionConfigurationPlatforms) = preSolution
		Debug|Any CPU = Debug|Any CPU
		Release|Any CPU = Release|Any CPU
	EndGlobalSection
	GlobalSection(ProjectConfigurationPlatforms) = postSolution
		{0579985C-48F7-4E38-AA93-7D046066AA9D}.Debug|Any CPU.ActiveCfg = Debug|Any CPU
		{0579985C-48F7-4E38-AA93-7D046066AA9D}.Debug|Any CPU.Build.0 = Debug|Any CPU
		{0579985C-48F7-4E38-AA93-7D046066AA9D}.Release|Any CPU.ActiveCfg = Release|Any CPU
		{0579985C-48F7-4E38-AA93-7D046066AA9D}.Release|Any CPU.Build.0 = Release|Any CPU
	EndGlobalSection
	GlobalSection(SolutionProperties) = preSolution
		HideSolutionNode = FALSE
	EndGlobalSection
	GlobalSection(ExtensibilityGlobals) = postSolution
		SolutionGuid = {0F4E7152-E1A6-4837-A36A-0FB874A8B639}
	EndGlobalSection
EndGlobal
