
Microsoft Visual Studio Solution File, Format Version 12.00
# Visual Studio Version 17
VisualStudioVersion = 17.9.34728.123
MinimumVisualStudioVersion = 10.0.40219.1
Project("{FAE04EC0-301F-11D3-BF4B-00C04F79EFBC}") = "Gun12_OOP_ClassTypes", "Gun12_OOP_ClassTypes\Gun12_OOP_ClassTypes.csproj", "{C2EFFAC4-CA4A-45D7-9B4C-F4C133CB5F7D}"
EndProject
Global
	GlobalSection(SolutionConfigurationPlatforms) = preSolution
		Debug|Any CPU = Debug|Any CPU
		Release|Any CPU = Release|Any CPU
	EndGlobalSection
	GlobalSection(ProjectConfigurationPlatforms) = postSolution
		{C2EFFAC4-CA4A-45D7-9B4C-F4C133CB5F7D}.Debug|Any CPU.ActiveCfg = Debug|Any CPU
		{C2EFFAC4-CA4A-45D7-9B4C-F4C133CB5F7D}.Debug|Any CPU.Build.0 = Debug|Any CPU
		{C2EFFAC4-CA4A-45D7-9B4C-F4C133CB5F7D}.Release|Any CPU.ActiveCfg = Release|Any CPU
		{C2EFFAC4-CA4A-45D7-9B4C-F4C133CB5F7D}.Release|Any CPU.Build.0 = Release|Any CPU
	EndGlobalSection
	GlobalSection(SolutionProperties) = preSolution
		HideSolutionNode = FALSE
	EndGlobalSection
	GlobalSection(ExtensibilityGlobals) = postSolution
		SolutionGuid = {F60F029E-E0EC-435A-B365-641797BE82C8}
	EndGlobalSection
EndGlobal
