
Microsoft Visual Studio Solution File, Format Version 12.00
# Visual Studio Version 17
VisualStudioVersion = 17.9.34728.123
MinimumVisualStudioVersion = 10.0.40219.1
Project("{FAE04EC0-301F-11D3-BF4B-00C04F79EFBC}") = "Gun10_MethodOverload", "Gun10_MethodOverload\Gun10_MethodOverload.csproj", "{7EC870A9-20F6-40EA-B137-6C2001BEB160}"
EndProject
Global
	GlobalSection(SolutionConfigurationPlatforms) = preSolution
		Debug|Any CPU = Debug|Any CPU
		Release|Any CPU = Release|Any CPU
	EndGlobalSection
	GlobalSection(ProjectConfigurationPlatforms) = postSolution
		{7EC870A9-20F6-40EA-B137-6C2001BEB160}.Debug|Any CPU.ActiveCfg = Debug|Any CPU
		{7EC870A9-20F6-40EA-B137-6C2001BEB160}.Debug|Any CPU.Build.0 = Debug|Any CPU
		{7EC870A9-20F6-40EA-B137-6C2001BEB160}.Release|Any CPU.ActiveCfg = Release|Any CPU
		{7EC870A9-20F6-40EA-B137-6C2001BEB160}.Release|Any CPU.Build.0 = Release|Any CPU
	EndGlobalSection
	GlobalSection(SolutionProperties) = preSolution
		HideSolutionNode = FALSE
	EndGlobalSection
	GlobalSection(ExtensibilityGlobals) = postSolution
		SolutionGuid = {FF6D50B5-C55B-4E01-9E67-D1AE155FD566}
	EndGlobalSection
EndGlobal
