
Microsoft Visual Studio Solution File, Format Version 12.00
# Visual Studio Version 17
VisualStudioVersion = 17.9.34728.123
MinimumVisualStudioVersion = 10.0.40219.1
Project("{FAE04EC0-301F-11D3-BF4B-00C04F79EFBC}") = "Gun12_Inheritance_Ornek", "Gun12_Inheritance_Ornek\Gun12_Inheritance_Ornek.csproj", "{BF274C7D-E6C0-4366-81B3-4E0D550CFAF5}"
EndProject
Global
	GlobalSection(SolutionConfigurationPlatforms) = preSolution
		Debug|Any CPU = Debug|Any CPU
		Release|Any CPU = Release|Any CPU
	EndGlobalSection
	GlobalSection(ProjectConfigurationPlatforms) = postSolution
		{BF274C7D-E6C0-4366-81B3-4E0D550CFAF5}.Debug|Any CPU.ActiveCfg = Debug|Any CPU
		{BF274C7D-E6C0-4366-81B3-4E0D550CFAF5}.Debug|Any CPU.Build.0 = Debug|Any CPU
		{BF274C7D-E6C0-4366-81B3-4E0D550CFAF5}.Release|Any CPU.ActiveCfg = Release|Any CPU
		{BF274C7D-E6C0-4366-81B3-4E0D550CFAF5}.Release|Any CPU.Build.0 = Release|Any CPU
	EndGlobalSection
	GlobalSection(SolutionProperties) = preSolution
		HideSolutionNode = FALSE
	EndGlobalSection
	GlobalSection(ExtensibilityGlobals) = postSolution
		SolutionGuid = {243DC22A-3EDC-4340-B830-82AD676122B2}
	EndGlobalSection
EndGlobal
